
Microsoft Visual Studio Solution File, Format Version 12.00
# Visual Studio Version 17
VisualStudioVersion = 17.7.34024.191
MinimumVisualStudioVersion = 10.0.40219.1
Project("{FAE04EC0-301F-11D3-BF4B-00C04F79EFBC}") = "APSNETCRUD", "APSNETCRUD\APSNETCRUD.csproj", "{2BEB491C-0ED0-4FF6-878F-FB710202600E}"
EndProject
Global
	GlobalSection(SolutionConfigurationPlatforms) = preSolution
		Debug|Any CPU = Debug|Any CPU
		Release|Any CPU = Release|Any CPU
	EndGlobalSection
	GlobalSection(ProjectConfigurationPlatforms) = postSolution
		{2BEB491C-0ED0-4FF6-878F-FB710202600E}.Debug|Any CPU.ActiveCfg = Debug|Any CPU
		{2BEB491C-0ED0-4FF6-878F-FB710202600E}.Debug|Any CPU.Build.0 = Debug|Any CPU
		{2BEB491C-0ED0-4FF6-878F-FB710202600E}.Release|Any CPU.ActiveCfg = Release|Any CPU
		{2BEB491C-0ED0-4FF6-878F-FB710202600E}.Release|Any CPU.Build.0 = Release|Any CPU
	EndGlobalSection
	GlobalSection(SolutionProperties) = preSolution
		HideSolutionNode = FALSE
	EndGlobalSection
	GlobalSection(ExtensibilityGlobals) = postSolution
		SolutionGuid = {54C5D8F0-CC08-4CE6-97C6-C7C2BA043403}
	EndGlobalSection
EndGlobal
